
Microsoft Visual Studio Solution File, Format Version 12.00
# Visual Studio Version 17
VisualStudioVersion = 17.0.31903.59
MinimumVisualStudioVersion = 10.0.40219.1
Project("{2150E333-8FDC-42A3-9474-1A3956D46DE8}") = "src", "src", "{827E0CD3-B72D-47B6-A68D-7590B98EB39B}"
EndProject
Project("{FAE04EC0-301F-11D3-BF4B-00C04F79EFBC}") = "Relay.Core", "src\Relay.Core\Relay.Core.csproj", "{79016504-7280-4CA7-B883-0FB94B6F841B}"
EndProject
Project("{FAE04EC0-301F-11D3-BF4B-00C04F79EFBC}") = "Relay.Infrastructure", "src\Relay.Infrastructure\Relay.Infrastructure.csproj", "{D81E0FEE-1D34-4631-8182-94CF206CADF0}"
EndProject
Project("{FAE04EC0-301F-11D3-BF4B-00C04F79EFBC}") = "Relay.Api", "src\Relay.Api\Relay.Api.csproj", "{2909B3B8-6D46-4866-8E56-A561BC5C8FD8}"
EndProject
Project("{2150E333-8FDC-42A3-9474-1A3956D46DE8}") = "tests", "tests", "{0AB3BF05-4346-4AA6-1389-037BE0695223}"
EndProject
Project("{FAE04EC0-301F-11D3-BF4B-00C04F79EFBC}") = "Relay.Core.Tests", "tests\Relay.Core.Tests\Relay.Core.Tests.csproj", "{E804D304-0797-4BCD-B164-25DD830A0561}"
EndProject
Project("{FAE04EC0-301F-11D3-BF4B-00C04F79EFBC}") = "Relay.Infrastructure.Tests", "tests\Relay.Infrastructure.Tests\Relay.Infrastructure.Tests.csproj", "{6878A180-D4FE-428A-9276-90B5579A93E5}"
EndProject
Project("{FAE04EC0-301F-11D3-BF4B-00C04F79EFBC}") = "Relay.Api.Tests", "tests\Relay.Api.Tests\Relay.Api.Tests.csproj", "{FF122032-5EA9-47C9-BABC-78B36509BC36}"
EndProject
Global
	GlobalSection(SolutionConfigurationPlatforms) = preSolution
		Debug|Any CPU = Debug|Any CPU
		Debug|x64 = Debug|x64
		Debug|x86 = Debug|x86
		Release|Any CPU = Release|Any CPU
		Release|x64 = Release|x64
		Release|x86 = Release|x86
	EndGlobalSection
	GlobalSection(ProjectConfigurationPlatforms) = postSolution
		{79016504-7280-4CA7-B883-0FB94B6F841B}.Debug|Any CPU.ActiveCfg = Debug|Any CPU
		{79016504-7280-4CA7-B883-0FB94B6F841B}.Debug|Any CPU.Build.0 = Debug|Any CPU
		{79016504-7280-4CA7-B883-0FB94B6F841B}.Debug|x64.ActiveCfg = Debug|Any CPU
		{79016504-7280-4CA7-B883-0FB94B6F841B}.Debug|x64.Build.0 = Debug|Any CPU
		{79016504-7280-4CA7-B883-0FB94B6F841B}.Debug|x86.ActiveCfg = Debug|Any CPU
		{79016504-7280-4CA7-B883-0FB94B6F841B}.Debug|x86.Build.0 = Debug|Any CPU
		{79016504-7280-4CA7-B883-0FB94B6F841B}.Release|Any CPU.ActiveCfg = Release|Any CPU
		{79016504-7280-4CA7-B883-0FB94B6F841B}.Release|Any CPU.Build.0 = Release|Any CPU
		{79016504-7280-4CA7-B883-0FB94B6F841B}.Release|x64.ActiveCfg = Release|Any CPU
		{79016504-7280-4CA7-B883-0FB94B6F841B}.Release|x64.Build.0 = Release|Any CPU
		{79016504-7280-4CA7-B883-0FB94B6F841B}.Release|x86.ActiveCfg = Release|Any CPU
		{79016504-7280-4CA7-B883-0FB94B6F841B}.Release|x86.Build.0 = Release|Any CPU
		{D81E0FEE-1D34-4631-8182-94CF206CADF0}.Debug|Any CPU.ActiveCfg = Debug|Any CPU
		{D81E0FEE-1D34-4631-8182-94CF206CADF0}.Debug|Any CPU.Build.0 = Debug|Any CPU
		{D81E0FEE-1D34-4631-8182-94CF206CADF0}.Debug|x64.ActiveCfg = Debug|Any CPU
		{D81E0FEE-1D34-4631-8182-94CF206CADF0}.Debug|x64.Build.0 = Debug|Any CPU
		{D81E0FEE-1D34-4631-8182-94CF206CADF0}.Debug|x86.ActiveCfg = Debug|Any CPU
		{D81E0FEE-1D34-4631-8182-94CF206CADF0}.Debug|x86.Build.0 = Debug|Any CPU
		{D81E0FEE-1D34-4631-8182-94CF206CADF0}.Release|Any CPU.ActiveCfg = Release|Any CPU
		{D81E0FEE-1D34-4631-8182-94CF206CADF0}.Release|Any CPU.Build.0 = Release|Any CPU
		{D81E0FEE-1D34-4631-8182-94CF206CADF0}.Release|x64.ActiveCfg = Release|Any CPU
		{D81E0FEE-1D34-4631-8182-94CF206CADF0}.Release|x64.Build.0 = Release|Any CPU
		{D81E0FEE-1D34-4631-8182-94CF206CADF0}.Release|x86.ActiveCfg = Release|Any CPU
		{D81E0FEE-1D34-4631-8182-94CF206CADF0}.Release|x86.Build.0 = Release|Any CPU
		{2909B3B8-6D46-4866-8E56-A561BC5C8FD8}.Debug|Any CPU.ActiveCfg = Debug|Any CPU
		{2909B3B8-6D46-4866-8E56-A561BC5C8FD8}.Debug|Any CPU.Build.0 = Debug|Any CPU
		{2909B3B8-6D46-4866-8E56-A561BC5C8FD8}.Debug|x64.ActiveCfg = Debug|Any CPU
		{2909B3B8-6D46-4866-8E56-A561BC5C8FD8}.Debug|x64.Build.0 = Debug|Any CPU
		{2909B3B8-6D46-4866-8E56-A561BC5C8FD8}.Debug|x86.ActiveCfg = Debug|Any CPU
		{2909B3B8-6D46-4866-8E56-A561BC5C8FD8}.Debug|x86.Build.0 = Debug|Any CPU
		{2909B3B8-6D46-4866-8E56-A561BC5C8FD8}.Release|Any CPU.ActiveCfg = Release|Any CPU
		{2909B3B8-6D46-4866-8E56-A561BC5C8FD8}.Release|Any CPU.Build.0 = Release|Any CPU
		{2909B3B8-6D46-4866-8E56-A561BC5C8FD8}.Release|x64.ActiveCfg = Release|Any CPU
		{2909B3B8-6D46-4866-8E56-A561BC5C8FD8}.Release|x64.Build.0 = Release|Any CPU
		{2909B3B8-6D46-4866-8E56-A561BC5C8FD8}.Release|x86.ActiveCfg = Release|Any CPU
		{2909B3B8-6D46-4866-8E56-A561BC5C8FD8}.Release|x86.Build.0 = Release|Any CPU
		{E804D304-0797-4BCD-B164-25DD830A0561}.Debug|Any CPU.ActiveCfg = Debug|Any CPU
		{E804D304-0797-4BCD-B164-25DD830A0561}.Debug|Any CPU.Build.0 = Debug|Any CPU
		{E804D304-0797-4BCD-B164-25DD830A0561}.Debug|x64.ActiveCfg = Debug|Any CPU
		{E804D304-0797-4BCD-B164-25DD830A0561}.Debug|x64.Build.0 = Debug|Any CPU
		{E804D304-0797-4BCD-B164-25DD830A0561}.Debug|x86.ActiveCfg = Debug|Any CPU
		{E804D304-0797-4BCD-B164-25DD830A0561}.Debug|x86.Build.0 = Debug|Any CPU
		{E804D304-0797-4BCD-B164-25DD830A0561}.Release|Any CPU.ActiveCfg = Release|Any CPU
		{E804D304-0797-4BCD-B164-25DD830A0561}.Release|Any CPU.Build.0 = Release|Any CPU
		{E804D304-0797-4BCD-B164-25DD830A0561}.Release|x64.ActiveCfg = Release|Any CPU
		{E804D304-0797-4BCD-B164-25DD830A0561}.Release|x64.Build.0 = Release|Any CPU
		{E804D304-0797-4BCD-B164-25DD830A0561}.Release|x86.ActiveCfg = Release|Any CPU
		{E804D304-0797-4BCD-B164-25DD830A0561}.Release|x86.Build.0 = Release|Any CPU
		{6878A180-D4FE-428A-9276-90B5579A93E5}.Debug|Any CPU.ActiveCfg = Debug|Any CPU
		{6878A180-D4FE-428A-9276-90B5579A93E5}.Debug|Any CPU.Build.0 = Debug|Any CPU
		{6878A180-D4FE-428A-9276-90B5579A93E5}.Debug|x64.ActiveCfg = Debug|Any CPU
		{6878A180-D4FE-428A-9276-90B5579A93E5}.Debug|x64.Build.0 = Debug|Any CPU
		{6878A180-D4FE-428A-9276-90B5579A93E5}.Debug|x86.ActiveCfg = Debug|Any CPU
		{6878A180-D4FE-428A-9276-90B5579A93E5}.Debug|x86.Build.0 = Debug|Any CPU
		{6878A180-D4FE-428A-9276-90B5579A93E5}.Release|Any CPU.ActiveCfg = Release|Any CPU
		{6878A180-D4FE-428A-9276-90B5579A93E5}.Release|Any CPU.Build.0 = Release|Any CPU
		{6878A180-D4FE-428A-9276-90B5579A93E5}.Release|x64.ActiveCfg = Release|Any CPU
		{6878A180-D4FE-428A-9276-90B5579A93E5}.Release|x64.Build.0 = Release|Any CPU
		{6878A180-D4FE-428A-9276-90B5579A93E5}.Release|x86.ActiveCfg = Release|Any CPU
		{6878A180-D4FE-428A-9276-90B5579A93E5}.Release|x86.Build.0 = Release|Any CPU
		{FF122032-5EA9-47C9-BABC-78B36509BC36}.Debug|Any CPU.ActiveCfg = Debug|Any CPU
		{FF122032-5EA9-47C9-BABC-78B36509BC36}.Debug|Any CPU.Build.0 = Debug|Any CPU
		{FF122032-5EA9-47C9-BABC-78B36509BC36}.Debug|x64.ActiveCfg = Debug|Any CPU
		{FF122032-5EA9-47C9-BABC-78B36509BC36}.Debug|x64.Build.0 = Debug|Any CPU
		{FF122032-5EA9-47C9-BABC-78B36509BC36}.Debug|x86.ActiveCfg = Debug|Any CPU
		{FF122032-5EA9-47C9-BABC-78B36509BC36}.Debug|x86.Build.0 = Debug|Any CPU
		{FF122032-5EA9-47C9-BABC-78B36509BC36}.Release|Any CPU.ActiveCfg = Release|Any CPU
		{FF122032-5EA9-47C9-BABC-78B36509BC36}.Release|Any CPU.Build.0 = Release|Any CPU
		{FF122032-5EA9-47C9-BABC-78B36509BC36}.Release|x64.ActiveCfg = Release|Any CPU
		{FF122032-5EA9-47C9-BABC-78B36509BC36}.Release|x64.Build.0 = Release|Any CPU
		{FF122032-5EA9-47C9-BABC-78B36509BC36}.Release|x86.ActiveCfg = Release|Any CPU
		{FF122032-5EA9-47C9-BABC-78B36509BC36}.Release|x86.Build.0 = Release|Any CPU
	EndGlobalSection
	GlobalSection(SolutionProperties) = preSolution
		HideSolutionNode = FALSE
	EndGlobalSection
	GlobalSection(NestedProjects) = preSolution
		{79016504-7280-4CA7-B883-0FB94B6F841B} = {827E0CD3-B72D-47B6-A68D-7590B98EB39B}
		{D81E0FEE-1D34-4631-8182-94CF206CADF0} = {827E0CD3-B72D-47B6-A68D-7590B98EB39B}
		{2909B3B8-6D46-4866-8E56-A561BC5C8FD8} = {827E0CD3-B72D-47B6-A68D-7590B98EB39B}
		{E804D304-0797-4BCD-B164-25DD830A0561} = {0AB3BF05-4346-4AA6-1389-037BE0695223}
		{6878A180-D4FE-428A-9276-90B5579A93E5} = {0AB3BF05-4346-4AA6-1389-037BE0695223}
		{FF122032-5EA9-47C9-BABC-78B36509BC36} = {0AB3BF05-4346-4AA6-1389-037BE0695223}
	EndGlobalSection
EndGlobal
